// !$*UTF8*$!
{
	archiveVersion = 1;
	classes = {
	};
	objectVersion = 50;
	objects = {

/* Begin PBXBuildFile section */
		A1F3407B26EA7B550083A319 /* AppDelegate.swift in Sources */ = {isa = PBXBuildFile; fileRef = A1F3407A26EA7B550083A319 /* AppDelegate.swift */; };
		A1F3407D26EA7B550083A319 /* SceneDelegate.swift in Sources */ = {isa = PBXBuildFile; fileRef = A1F3407C26EA7B550083A319 /* SceneDelegate.swift */; };
		A1F3407F26EA7B550083A319 /* ViewController.swift in Sources */ = {isa = PBXBuildFile; fileRef = A1F3407E26EA7B550083A319 /* ViewController.swift */; };
		A1F3408226EA7B550083A319 /* Main.storyboard in Resources */ = {isa = PBXBuildFile; fileRef = A1F3408026EA7B550083A319 /* Main.storyboard */; };
		A1F3408426EA7B570083A319 /* Assets.xcassets in Resources */ = {isa = PBXBuildFile; fileRef = A1F3408326EA7B570083A319 /* Assets.xcassets */; };
		A1F3408726EA7B570083A319 /* LaunchScreen.storyboard in Resources */ = {isa = PBXBuildFile; fileRef = A1F3408526EA7B570083A319 /* LaunchScreen.storyboard */; };
		A1F3409226EA7B570083A319 /* Week_1Tests.swift in Sources */ = {isa = PBXBuildFile; fileRef = A1F3409126EA7B570083A319 /* Week_1Tests.swift */; };
		A1F3409D26EA7B570083A319 /* Week_1UITests.swift in Sources */ = {isa = PBXBuildFile; fileRef = A1F3409C26EA7B570083A319 /* Week_1UITests.swift */; };
/* End PBXBuildFile section */

/* Begin PBXContainerItemProxy section */
		A1F3408E26EA7B570083A319 /* PBXContainerItemProxy */ = {
			isa = PBXContainerItemProxy;
			containerPortal = A1F3406F26EA7B550083A319 /* Project object */;
			proxyType = 1;
			remoteGlobalIDString = A1F3407626EA7B550083A319;
			remoteInfo = "Week 1";
		};
		A1F3409926EA7B570083A319 /* PBXContainerItemProxy */ = {
			isa = PBXContainerItemProxy;
			containerPortal = A1F3406F26EA7B550083A319 /* Project object */;
			proxyType = 1;
			remoteGlobalIDString = A1F3407626EA7B550083A319;
			remoteInfo = "Week 1";
		};
/* End PBXContainerItemProxy section */

/* Begin PBXFileReference section */
		A1F3407726EA7B550083A319 /* Week 1.app */ = {isa = PBXFileReference; explicitFileType = wrapper.application; includeInIndex = 0; path = "Week 1.app"; sourceTree = BUILT_PRODUCTS_DIR; };
		A1F3407A26EA7B550083A319 /* AppDelegate.swift */ = {isa = PBXFileReference; lastKnownFileType = sourcecode.swift; path = AppDelegate.swift; sourceTree = "<group>"; };
		A1F3407C26EA7B550083A319 /* SceneDelegate.swift */ = {isa = PBXFileReference; lastKnownFileType = sourcecode.swift; path = SceneDelegate.swift; sourceTree = "<group>"; };
		A1F3407E26EA7B550083A319 /* ViewController.swift */ = {isa = PBXFileReference; lastKnownFileType = sourcecode.swift; path = ViewController.swift; sourceTree = "<group>"; };
		A1F3408126EA7B550083A319 /* Base */ = {isa = PBXFileReference; lastKnownFileType = file.storyboard; name = Base; path = Base.lproj/Main.storyboard; sourceTree = "<group>"; };
		A1F3408326EA7B570083A319 /* Assets.xcassets */ = {isa = PBXFileReference; lastKnownFileType = folder.assetcatalog; path = Assets.xcassets; sourceTree = "<group>"; };
		A1F3408626EA7B570083A319 /* Base */ = {isa = PBXFileReference; lastKnownFileType = file.storyboard; name = Base; path = Base.lproj/LaunchScreen.storyboard; sourceTree = "<group>"; };
		A1F3408826EA7B570083A319 /* Info.plist */ = {isa = PBXFileReference; lastKnownFileType = text.plist.xml; path = Info.plist; sourceTree = "<group>"; };
		A1F3408D26EA7B570083A319 /* Week 1Tests.xctest */ = {isa = PBXFileReference; explicitFileType = wrapper.cfbundle; includeInIndex = 0; path = "Week 1Tests.xctest"; sourceTree = BUILT_PRODUCTS_DIR; };
		A1F3409126EA7B570083A319 /* Week_1Tests.swift */ = {isa = PBXFileReference; lastKnownFileType = sourcecode.swift; path = Week_1Tests.swift; sourceTree = "<group>"; };
		A1F3409326EA7B570083A319 /* Info.plist */ = {isa = PBXFileReference; lastKnownFileType = text.plist.xml; path = Info.plist; sourceTree = "<group>"; };
		A1F3409826EA7B570083A319 /* Week 1UITests.xctest */ = {isa = PBXFileReference; explicitFileType = wrapper.cfbundle; includeInIndex = 0; path = "Week 1UITests.xctest"; sourceTree = BUILT_PRODUCTS_DIR; };
		A1F3409C26EA7B570083A319 /* Week_1UITests.swift */ = {isa = PBXFileReference; lastKnownFileType = sourcecode.swift; path = Week_1UITests.swift; sourceTree = "<group>"; };
		A1F3409E26EA7B570083A319 /* Info.plist */ = {isa = PBXFileReference; lastKnownFileType = text.plist.xml; path = Info.plist; sourceTree = "<group>"; };
/* End PBXFileReference section */

/* Begin PBXFrameworksBuildPhase section */
		A1F3407426EA7B550083A319 /* Frameworks */ = {
			isa = PBXFrameworksBuildPhase;
			buildActionMask = 2147483647;
			files = (
			);
			runOnlyForDeploymentPostprocessing = 0;
		};
		A1F3408A26EA7B570083A319 /* Frameworks */ = {
			isa = PBXFrameworksBuildPhase;
			buildActionMask = 2147483647;
			files = (
			);
			runOnlyForDeploymentPostprocessing = 0;
		};
		A1F3409526EA7B570083A319 /* Frameworks */ = {
			isa = PBXFrameworksBuildPhase;
			buildActionMask = 2147483647;
			files = (
			);
			runOnlyForDeploymentPostprocessing = 0;
		};
/* End PBXFrameworksBuildPhase section */

/* Begin PBXGroup section */
		A1F3406E26EA7B550083A319 = {
			isa = PBXGroup;
			children = (
				A1F3407926EA7B550083A319 /* Week 1 */,
				A1F3409026EA7B570083A319 /* Week 1Tests */,
				A1F3409B26EA7B570083A319 /* Week 1UITests */,
				A1F3407826EA7B550083A319 /* Products */,
			);
			sourceTree = "<group>";
		};
		A1F3407826EA7B550083A319 /* Products */ = {
			isa = PBXGroup;
			children = (
				A1F3407726EA7B550083A319 /* Week 1.app */,
				A1F3408D26EA7B570083A319 /* Week 1Tests.xctest */,
				A1F3409826EA7B570083A319 /* Week 1UITests.xctest */,
			);
			name = Products;
			sourceTree = "<group>";
		};
		A1F3407926EA7B550083A319 /* Week 1 */ = {
			isa = PBXGroup;
			children = (
				A1F3407A26EA7B550083A319 /* AppDelegate.swift */,
				A1F3407C26EA7B550083A319 /* SceneDelegate.swift */,
				A1F3407E26EA7B550083A319 /* ViewController.swift */,
				A1F3408026EA7B550083A319 /* Main.storyboard */,
				A1F3408326EA7B570083A319 /* Assets.xcassets */,
				A1F3408526EA7B570083A319 /* LaunchScreen.storyboard */,
				A1F3408826EA7B570083A319 /* Info.plist */,
			);
			path = "Week 1";
			sourceTree = "<group>";
		};
		A1F3409026EA7B570083A319 /* Week 1Tests */ = {
			isa = PBXGroup;
			children = (
				A1F3409126EA7B570083A319 /* Week_1Tests.swift */,
				A1F3409326EA7B570083A319 /* Info.plist */,
			);
			path = "Week 1Tests";
			sourceTree = "<group>";
		};
		A1F3409B26EA7B570083A319 /* Week 1UITests */ = {
			isa = PBXGroup;
			children = (
				A1F3409C26EA7B570083A319 /* Week_1UITests.swift */,
				A1F3409E26EA7B570083A319 /* Info.plist */,
			);
			path = "Week 1UITests";
			sourceTree = "<group>";
		};
/* End PBXGroup section */

/* Begin PBXNativeTarget section */
		A1F3407626EA7B550083A319 /* Week 1 */ = {
			isa = PBXNativeTarget;
			buildConfigurationList = A1F340A126EA7B570083A319 /* Build configuration list for PBXNativeTarget "Week 1" */;
			buildPhases = (
				A1F3407326EA7B550083A319 /* Sources */,
				A1F3407426EA7B550083A319 /* Frameworks */,
				A1F3407526EA7B550083A319 /* Resources */,
			);
			buildRules = (
			);
			dependencies = (
			);
			name = "Week 1";
			productName = "Week 1";
			productReference = A1F3407726EA7B550083A319 /* Week 1.app */;
			productType = "com.apple.product-type.application";
		};
		A1F3408C26EA7B570083A319 /* Week 1Tests */ = {
			isa = PBXNativeTarget;
			buildConfigurationList = A1F340A426EA7B570083A319 /* Build configuration list for PBXNativeTarget "Week 1Tests" */;
			buildPhases = (
				A1F3408926EA7B570083A319 /* Sources */,
				A1F3408A26EA7B570083A319 /* Frameworks */,
				A1F3408B26EA7B570083A319 /* Resources */,
			);
			buildRules = (
			);
			dependencies = (
				A1F3408F26EA7B570083A319 /* PBXTargetDependency */,
			);
			name = "Week 1Tests";
			productName = "Week 1Tests";
			productReference = A1F3408D26EA7B570083A319 /* Week 1Tests.xctest */;
			productType = "com.apple.product-type.bundle.unit-test";
		};
		A1F3409726EA7B570083A319 /* Week 1UITests */ = {
			isa = PBXNativeTarget;
			buildConfigurationList = A1F340A726EA7B570083A319 /* Build configuration list for PBXNativeTarget "Week 1UITests" */;
			buildPhases = (
				A1F3409426EA7B570083A319 /* Sources */,
				A1F3409526EA7B570083A319 /* Frameworks */,
				A1F3409626EA7B570083A319 /* Resources */,
			);
			buildRules = (
			);
			dependencies = (
				A1F3409A26EA7B570083A319 /* PBXTargetDependency */,
			);
			name = "Week 1UITests";
			productName = "Week 1UITests";
			productReference = A1F3409826EA7B570083A319 /* Week 1UITests.xctest */;
			productType = "com.apple.product-type.bundle.ui-testing";
		};
/* End PBXNativeTarget section */

/* Begin PBXProject section */
		A1F3406F26EA7B550083A319 /* Project object */ = {
			isa = PBXProject;
			attributes = {
				LastSwiftUpdateCheck = 1250;
				LastUpgradeCheck = 1250;
				TargetAttributes = {
					A1F3407626EA7B550083A319 = {
						CreatedOnToolsVersion = 12.5.1;
					};
					A1F3408C26EA7B570083A319 = {
						CreatedOnToolsVersion = 12.5.1;
						TestTargetID = A1F3407626EA7B550083A319;
					};
					A1F3409726EA7B570083A319 = {
						CreatedOnToolsVersion = 12.5.1;
						TestTargetID = A1F3407626EA7B550083A319;
					};
				};
			};
			buildConfigurationList = A1F3407226EA7B550083A319 /* Build configuration list for PBXProject "Week 1" */;
			compatibilityVersion = "Xcode 9.3";
			developmentRegion = en;
			hasScannedForEncodings = 0;
			knownRegions = (
				en,
				Base,
			);
			mainGroup = A1F3406E26EA7B550083A319;
			productRefGroup = A1F3407826EA7B550083A319 /* Products */;
			projectDirPath = "";
			projectRoot = "";
			targets = (
				A1F3407626EA7B550083A319 /* Week 1 */,
				A1F3408C26EA7B570083A319 /* Week 1Tests */,
				A1F3409726EA7B570083A319 /* Week 1UITests */,
			);
		};
/* End PBXProject section */

/* Begin PBXResourcesBuildPhase section */
		A1F3407526EA7B550083A319 /* Resources */ = {
			isa = PBXResourcesBuildPhase;
			buildActionMask = 2147483647;
			files = (
				A1F3408726EA7B570083A319 /* LaunchScreen.storyboard in Resources */,
				A1F3408426EA7B570083A319 /* Assets.xcassets in Resources */,
				A1F3408226EA7B550083A319 /* Main.storyboard in Resources */,
			);
			runOnlyForDeploymentPostprocessing = 0;
		};
		A1F3408B26EA7B570083A319 /* Resources */ = {
			isa = PBXResourcesBuildPhase;
			buildActionMask = 2147483647;
			files = (
			);
			runOnlyForDeploymentPostprocessing = 0;
		};
		A1F3409626EA7B570083A319 /* Resources */ = {
			isa = PBXResourcesBuildPhase;
			buildActionMask = 2147483647;
			files = (
			);
			runOnlyForDeploymentPostprocessing = 0;
		};
/* End PBXResourcesBuildPhase section */

/* Begin PBXSourcesBuildPhase section */
		A1F3407326EA7B550083A319 /* Sources */ = {
			isa = PBXSourcesBuildPhase;
			buildActionMask = 2147483647;
			files = (
				A1F3407F26EA7B550083A319 /* ViewController.swift in Sources */,
				A1F3407B26EA7B550083A319 /* AppDelegate.swift in Sources */,
				A1F3407D26EA7B550083A319 /* SceneDelegate.swift in Sources */,
			);
			runOnlyForDeploymentPostprocessing = 0;
		};
		A1F3408926EA7B570083A319 /* Sources */ = {
			isa = PBXSourcesBuildPhase;
			buildActionMask = 2147483647;
			files = (
				A1F3409226EA7B570083A319 /* Week_1Tests.swift in Sources */,
			);
			runOnlyForDeploymentPostprocessing = 0;
		};
		A1F3409426EA7B570083A319 /* Sources */ = {
			isa = PBXSourcesBuildPhase;
			buildActionMask = 2147483647;
			files = (
				A1F3409D26EA7B570083A319 /* Week_1UITests.swift in Sources */,
			);
			runOnlyForDeploymentPostprocessing = 0;
		};
/* End PBXSourcesBuildPhase section */

/* Begin PBXTargetDependency section */
		A1F3408F26EA7B570083A319 /* PBXTargetDependency */ = {
			isa = PBXTargetDependency;
			target = A1F3407626EA7B550083A319 /* Week 1 */;
			targetProxy = A1F3408E26EA7B570083A319 /* PBXContainerItemProxy */;
		};
		A1F3409A26EA7B570083A319 /* PBXTargetDependency */ = {
			isa = PBXTargetDependency;
			target = A1F3407626EA7B550083A319 /* Week 1 */;
			targetProxy = A1F3409926EA7B570083A319 /* PBXContainerItemProxy */;
		};
/* End PBXTargetDependency section */

/* Begin PBXVariantGroup section */
		A1F3408026EA7B550083A319 /* Main.storyboard */ = {
			isa = PBXVariantGroup;
			children = (
				A1F3408126EA7B550083A319 /* Base */,
			);
			name = Main.storyboard;
			sourceTree = "<group>";
		};
		A1F3408526EA7B570083A319 /* LaunchScreen.storyboard */ = {
			isa = PBXVariantGroup;
			children = (
				A1F3408626EA7B570083A319 /* Base */,
			);
			name = LaunchScreen.storyboard;
			sourceTree = "<group>";
		};
/* End PBXVariantGroup section */

/* Begin XCBuildConfiguration section */
		A1F3409F26EA7B570083A319 /* Debug */ = {
			isa = XCBuildConfiguration;
			buildSettings = {
				ALWAYS_SEARCH_USER_PATHS = NO;
				CLANG_ANALYZER_NONNULL = YES;
				CLANG_ANALYZER_NUMBER_OBJECT_CONVERSION = YES_AGGRESSIVE;
				CLANG_CXX_LANGUAGE_STANDARD = "gnu++14";
				CLANG_CXX_LIBRARY = "libc++";
				CLANG_ENABLE_MODULES = YES;
				CLANG_ENABLE_OBJC_ARC = YES;
				CLANG_ENABLE_OBJC_WEAK = YES;
				CLANG_WARN_BLOCK_CAPTURE_AUTORELEASING = YES;
				CLANG_WARN_BOOL_CONVERSION = YES;
				CLANG_WARN_COMMA = YES;
				CLANG_WARN_CONSTANT_CONVERSION = YES;
				CLANG_WARN_DEPRECATED_OBJC_IMPLEMENTATIONS = YES;
				CLANG_WARN_DIRECT_OBJC_ISA_USAGE = YES_ERROR;
				CLANG_WARN_DOCUMENTATION_COMMENTS = YES;
				CLANG_WARN_EMPTY_BODY = YES;
				CLANG_WARN_ENUM_CONVERSION = YES;
				CLANG_WARN_INFINITE_RECURSION = YES;
				CLANG_WARN_INT_CONVERSION = YES;
				CLANG_WARN_NON_LITERAL_NULL_CONVERSION = YES;
				CLANG_WARN_OBJC_IMPLICIT_RETAIN_SELF = YES;
				CLANG_WARN_OBJC_LITERAL_CONVERSION = YES;
				CLANG_WARN_OBJC_ROOT_CLASS = YES_ERROR;
				CLANG_WARN_QUOTED_INCLUDE_IN_FRAMEWORK_HEADER = YES;
				CLANG_WARN_RANGE_LOOP_ANALYSIS = YES;
				CLANG_WARN_STRICT_PROTOTYPES = YES;
				CLANG_WARN_SUSPICIOUS_MOVE = YES;
				CLANG_WARN_UNGUARDED_AVAILABILITY = YES_AGGRESSIVE;
				CLANG_WARN_UNREACHABLE_CODE = YES;
				CLANG_WARN__DUPLICATE_METHOD_MATCH = YES;
				COPY_PHASE_STRIP = NO;
				DEBUG_INFORMATION_FORMAT = dwarf;
				ENABLE_STRICT_OBJC_MSGSEND = YES;
				ENABLE_TESTABILITY = YES;
				GCC_C_LANGUAGE_STANDARD = gnu11;
				GCC_DYNAMIC_NO_PIC = NO;
				GCC_NO_COMMON_BLOCKS = YES;
				GCC_OPTIMIZATION_LEVEL = 0;
				GCC_PREPROCESSOR_DEFINITIONS = (
					"DEBUG=1",
					"$(inherited)",
				);
				GCC_WARN_64_TO_32_BIT_CONVERSION = YES;
				GCC_WARN_ABOUT_RETURN_TYPE = YES_ERROR;
				GCC_WARN_UNDECLARED_SELECTOR = YES;
				GCC_WARN_UNINITIALIZED_AUTOS = YES_AGGRESSIVE;
				GCC_WARN_UNUSED_FUNCTION = YES;
				GCC_WARN_UNUSED_VARIABLE = YES;
				IPHONEOS_DEPLOYMENT_TARGET = 14.5;
				MTL_ENABLE_DEBUG_INFO = INCLUDE_SOURCE;
				MTL_FAST_MATH = YES;
				ONLY_ACTIVE_ARCH = YES;
				SDKROOT = iphoneos;
				SWIFT_ACTIVE_COMPILATION_CONDITIONS = DEBUG;
				SWIFT_OPTIMIZATION_LEVEL = "-Onone";
			};
			name = Debug;
		};
		A1F340A026EA7B570083A319 /* Release */ = {
			isa = XCBuildConfiguration;
			buildSettings = {
				ALWAYS_SEARCH_USER_PATHS = NO;
				CLANG_ANALYZER_NONNULL = YES;
				CLANG_ANALYZER_NUMBER_OBJECT_CONVERSION = YES_AGGRESSIVE;
				CLANG_CXX_LANGUAGE_STANDARD = "gnu++14";
				CLANG_CXX_LIBRARY = "libc++";
				CLANG_ENABLE_MODULES = YES;
				CLANG_ENABLE_OBJC_ARC = YES;
				CLANG_ENABLE_OBJC_WEAK = YES;
				CLANG_WARN_BLOCK_CAPTURE_AUTORELEASING = YES;
				CLANG_WARN_BOOL_CONVERSION = YES;
				CLANG_WARN_COMMA = YES;
				CLANG_WARN_CONSTANT_CONVERSION = YES;
				CLANG_WARN_DEPRECATED_OBJC_IMPLEMENTATIONS = YES;
				CLANG_WARN_DIRECT_OBJC_ISA_USAGE = YES_ERROR;
				CLANG_WARN_DOCUMENTATION_COMMENTS = YES;
				CLANG_WARN_EMPTY_BODY = YES;
				CLANG_WARN_ENUM_CONVERSION = YES;
				CLANG_WARN_INFINITE_RECURSION = YES;
				CLANG_WARN_INT_CONVERSION = YES;
				CLANG_WARN_NON_LITERAL_NULL_CONVERSION = YES;
				CLANG_WARN_OBJC_IMPLICIT_RETAIN_SELF = YES;
				CLANG_WARN_OBJC_LITERAL_CONVERSION = YES;
				CLANG_WARN_OBJC_ROOT_CLASS = YES_ERROR;
				CLANG_WARN_QUOTED_INCLUDE_IN_FRAMEWORK_HEADER = YES;
				CLANG_WARN_RANGE_LOOP_ANALYSIS = YES;
				CLANG_WARN_STRICT_PROTOTYPES = YES;
				CLANG_WARN_SUSPICIOUS_MOVE = YES;
				CLANG_WARN_UNGUARDED_AVAILABILITY = YES_AGGRESSIVE;
				CLANG_WARN_UNREACHABLE_CODE = YES;
				CLANG_WARN__DUPLICATE_METHOD_MATCH = YES;
				COPY_PHASE_STRIP = NO;
				DEBUG_INFORMATION_FORMAT = "dwarf-with-dsym";
				ENABLE_NS_ASSERTIONS = NO;
				ENABLE_STRICT_OBJC_MSGSEND = YES;
				GCC_C_LANGUAGE_STANDARD = gnu11;
				GCC_NO_COMMON_BLOCKS = YES;
				GCC_WARN_64_TO_32_BIT_CONVERSION = YES;
				GCC_WARN_ABOUT_RETURN_TYPE = YES_ERROR;
				GCC_WARN_UNDECLARED_SELECTOR = YES;
				GCC_WARN_UNINITIALIZED_AUTOS = YES_AGGRESSIVE;
				GCC_WARN_UNUSED_FUNCTION = YES;
				GCC_WARN_UNUSED_VARIABLE = YES;
				IPHONEOS_DEPLOYMENT_TARGET = 14.5;
				MTL_ENABLE_DEBUG_INFO = NO;
				MTL_FAST_MATH = YES;
				SDKROOT = iphoneos;
				SWIFT_COMPILATION_MODE = wholemodule;
				SWIFT_OPTIMIZATION_LEVEL = "-O";
				VALIDATE_PRODUCT = YES;
			};
			name = Release;
		};
		A1F340A226EA7B570083A319 /* Debug */ = {
			isa = XCBuildConfiguration;
			buildSettings = {
				ASSETCATALOG_COMPILER_APPICON_NAME = AppIcon;
				ASSETCATALOG_COMPILER_GLOBAL_ACCENT_COLOR_NAME = AccentColor;
				CODE_SIGN_STYLE = Automatic;
				DEVELOPMENT_TEAM = C7UJD64TA4;
				INFOPLIST_FILE = "Week 1/Info.plist";
				IPHONEOS_DEPLOYMENT_TARGET = 14.5;
				LD_RUNPATH_SEARCH_PATHS = (
					"$(inherited)",
					"@executable_path/Frameworks",
				);
				PRODUCT_BUNDLE_IDENTIFIER = "Sch-Mgmt-679MD.Week-1";
				PRODUCT_NAME = "$(TARGET_NAME)";
				SWIFT_VERSION = 5.0;
				TARGETED_DEVICE_FAMILY = "1,2";
			};
			name = Debug;
		};
		A1F340A326EA7B570083A319 /* Release */ = {
			isa = XCBuildConfiguration;
			buildSettings = {
				ASSETCATALOG_COMPILER_APPICON_NAME = AppIcon;
				ASSETCATALOG_COMPILER_GLOBAL_ACCENT_COLOR_NAME = AccentColor;
				CODE_SIGN_STYLE = Automatic;
				DEVELOPMENT_TEAM = C7UJD64TA4;
				INFOPLIST_FILE = "Week 1/Info.plist";
				IPHONEOS_DEPLOYMENT_TARGET = 14.5;
				LD_RUNPATH_SEARCH_PATHS = (
					"$(inherited)",
					"@executable_path/Frameworks",
				);
				PRODUCT_BUNDLE_IDENTIFIER = "Sch-Mgmt-679MD.Week-1";
				PRODUCT_NAME = "$(TARGET_NAME)";
				SWIFT_VERSION = 5.0;
				TARGETED_DEVICE_FAMILY = "1,2";
			};
			name = Release;
		};
		A1F340A526EA7B570083A319 /* Debug */ = {
			isa = XCBuildConfiguration;
			buildSettings = {
				ALWAYS_EMBED_SWIFT_STANDARD_LIBRARIES = YES;
				BUNDLE_LOADER = "$(TEST_HOST)";
				CODE_SIGN_STYLE = Automatic;
				DEVELOPMENT_TEAM = C7UJD64TA4;
				INFOPLIST_FILE = "Week 1Tests/Info.plist";
				IPHONEOS_DEPLOYMENT_TARGET = 14.5;
				LD_RUNPATH_SEARCH_PATHS = (
					"$(inherited)",
					"@executable_path/Frameworks",
					"@loader_path/Frameworks",
				);
				PRODUCT_BUNDLE_IDENTIFIER = "Sch-Mgmt-679MD.Week-1Tests";
				PRODUCT_NAME = "$(TARGET_NAME)";
				SWIFT_VERSION = 5.0;
				TARGETED_DEVICE_FAMILY = "1,2";
				TEST_HOST = "$(BUILT_PRODUCTS_DIR)/Week 1.app/Week 1";
			};
			name = Debug;
		};
		A1F340A626EA7B570083A319 /* Release */ = {
			isa = XCBuildConfiguration;
			buildSettings = {
				ALWAYS_EMBED_SWIFT_STANDARD_LIBRARIES = YES;
				BUNDLE_LOADER = "$(TEST_HOST)";
				CODE_SIGN_STYLE = Automatic;
				DEVELOPMENT_TEAM = C7UJD64TA4;
				INFOPLIST_FILE = "Week 1Tests/Info.plist";
				IPHONEOS_DEPLOYMENT_TARGET = 14.5;
				LD_RUNPATH_SEARCH_PATHS = (
					"$(inherited)",
					"@executable_path/Frameworks",
					"@loader_path/Frameworks",
				);
				PRODUCT_BUNDLE_IDENTIFIER = "Sch-Mgmt-679MD.Week-1Tests";
				PRODUCT_NAME = "$(TARGET_NAME)";
				SWIFT_VERSION = 5.0;
				TARGETED_DEVICE_FAMILY = "1,2";
				TEST_HOST = "$(BUILT_PRODUCTS_DIR)/Week 1.app/Week 1";
			};
			name = Release;
		};
		A1F340A826EA7B570083A319 /* Debug */ = {
			isa = XCBuildConfiguration;
			buildSettings = {
				ALWAYS_EMBED_SWIFT_STANDARD_LIBRARIES = YES;
				CODE_SIGN_STYLE = Automatic;
				DEVELOPMENT_TEAM = C7UJD64TA4;
				INFOPLIST_FILE = "Week 1UITests/Info.plist";
				LD_RUNPATH_SEARCH_PATHS = (
					"$(inherited)",
					"@executable_path/Frameworks",
					"@loader_path/Frameworks",
				);
				PRODUCT_BUNDLE_IDENTIFIER = "Sch-Mgmt-679MD.Week-1UITests";
				PRODUCT_NAME = "$(TARGET_NAME)";
				SWIFT_VERSION = 5.0;
				TARGETED_DEVICE_FAMILY = "1,2";
				TEST_TARGET_NAME = "Week 1";
			};
			name = Debug;
		};
		A1F340A926EA7B570083A319 /* Release */ = {
			isa = XCBuildConfiguration;
			buildSettings = {
				ALWAYS_EMBED_SWIFT_STANDARD_LIBRARIES = YES;
				CODE_SIGN_STYLE = Automatic;
				DEVELOPMENT_TEAM = C7UJD64TA4;
				INFOPLIST_FILE = "Week 1UITests/Info.plist";
				LD_RUNPATH_SEARCH_PATHS = (
					"$(inherited)",
					"@executable_path/Frameworks",
					"@loader_path/Frameworks",
				);
				PRODUCT_BUNDLE_IDENTIFIER = "Sch-Mgmt-679MD.Week-1UITests";
				PRODUCT_NAME = "$(TARGET_NAME)";
				SWIFT_VERSION = 5.0;
				TARGETED_DEVICE_FAMILY = "1,2";
				TEST_TARGET_NAME = "Week 1";
			};
			name = Release;
		};
/* End XCBuildConfiguration section */

/* Begin XCConfigurationList section */
		A1F3407226EA7B550083A319 /* Build configuration list for PBXProject "Week 1" */ = {
			isa = XCConfigurationList;
			buildConfigurations = (
				A1F3409F26EA7B570083A319 /* Debug */,
				A1F340A026EA7B570083A319 /* Release */,
			);
			defaultConfigurationIsVisible = 0;
			defaultConfigurationName = Release;
		};
		A1F340A126EA7B570083A319 /* Build configuration list for PBXNativeTarget "Week 1" */ = {
			isa = XCConfigurationList;
			buildConfigurations = (
				A1F340A226EA7B570083A319 /* Debug */,
				A1F340A326EA7B570083A319 /* Release */,
			);
			defaultConfigurationIsVisible = 0;
			defaultConfigurationName = Release;
		};
		A1F340A426EA7B570083A319 /* Build configuration list for PBXNativeTarget "Week 1Tests" */ = {
			isa = XCConfigurationList;
			buildConfigurations = (
				A1F340A526EA7B570083A319 /* Debug */,
				A1F340A626EA7B570083A319 /* Release */,
			);
			defaultConfigurationIsVisible = 0;
			defaultConfigurationName = Release;
		};
		A1F340A726EA7B570083A319 /* Build configuration list for PBXNativeTarget "Week 1UITests" */ = {
			isa = XCConfigurationList;
			buildConfigurations = (
				A1F340A826EA7B570083A319 /* Debug */,
				A1F340A926EA7B570083A319 /* Release */,
			);
			defaultConfigurationIsVisible = 0;
			defaultConfigurationName = Release;
		};
/* End XCConfigurationList section */
	};
	rootObject = A1F3406F26EA7B550083A319 /* Project object */;
}
